
Microsoft Visual Studio Solution File, Format Version 12.00
# Visual Studio 15
VisualStudioVersion = 15.0.28010.2036
MinimumVisualStudioVersion = 10.0.40219.1
Project("{8BC9CEB8-8B4A-11D0-8D11-00A0C91BC942}") = "dbj_sawmill", "dbj_testera\dbj_testera.vcxproj", "{4464DAFA-5C74-4634-8335-E8A14128B594}"
EndProject
Project("{8BC9CEB8-8B4A-11D0-8D11-00A0C91BC942}") = "dbj_user", "dbj_user\dbj_user.vcxproj", "{0B654511-D4D8-4878-9D82-22B8C08C3EDA}"
EndProject
Project("{8BC9CEB8-8B4A-11D0-8D11-00A0C91BC942}") = "sds", "sds\sds.vcxproj", "{185CA630-F3CA-4599-B022-3DCE77094E1C}"
EndProject
Global
	GlobalSection(SolutionConfigurationPlatforms) = preSolution
		Debug|x64 = Debug|x64
		Debug|x86 = Debug|x86
		Release|x64 = Release|x64
		Release|x86 = Release|x86
	EndGlobalSection
	GlobalSection(ProjectConfigurationPlatforms) = postSolution
		{4464DAFA-5C74-4634-8335-E8A14128B594}.Debug|x64.ActiveCfg = Debug|x64
		{4464DAFA-5C74-4634-8335-E8A14128B594}.Debug|x64.Build.0 = Debug|x64
		{4464DAFA-5C74-4634-8335-E8A14128B594}.Debug|x86.ActiveCfg = Debug|Win32
		{4464DAFA-5C74-4634-8335-E8A14128B594}.Debug|x86.Build.0 = Debug|Win32
		{4464DAFA-5C74-4634-8335-E8A14128B594}.Release|x64.ActiveCfg = Debug|x64
		{4464DAFA-5C74-4634-8335-E8A14128B594}.Release|x64.Build.0 = Debug|x64
		{4464DAFA-5C74-4634-8335-E8A14128B594}.Release|x86.ActiveCfg = Debug|Win32
		{4464DAFA-5C74-4634-8335-E8A14128B594}.Release|x86.Build.0 = Debug|Win32
		{0B654511-D4D8-4878-9D82-22B8C08C3EDA}.Debug|x64.ActiveCfg = Debug|x64
		{0B654511-D4D8-4878-9D82-22B8C08C3EDA}.Debug|x64.Build.0 = Debug|x64
		{0B654511-D4D8-4878-9D82-22B8C08C3EDA}.Debug|x86.ActiveCfg = Debug|Win32
		{0B654511-D4D8-4878-9D82-22B8C08C3EDA}.Debug|x86.Build.0 = Debug|Win32
		{0B654511-D4D8-4878-9D82-22B8C08C3EDA}.Release|x64.ActiveCfg = Release|x64
		{0B654511-D4D8-4878-9D82-22B8C08C3EDA}.Release|x64.Build.0 = Release|x64
		{0B654511-D4D8-4878-9D82-22B8C08C3EDA}.Release|x86.ActiveCfg = Release|Win32
		{0B654511-D4D8-4878-9D82-22B8C08C3EDA}.Release|x86.Build.0 = Release|Win32
		{185CA630-F3CA-4599-B022-3DCE77094E1C}.Debug|x64.ActiveCfg = Debug|x64
		{185CA630-F3CA-4599-B022-3DCE77094E1C}.Debug|x64.Build.0 = Debug|x64
		{185CA630-F3CA-4599-B022-3DCE77094E1C}.Debug|x86.ActiveCfg = Debug|Win32
		{185CA630-F3CA-4599-B022-3DCE77094E1C}.Debug|x86.Build.0 = Debug|Win32
		{185CA630-F3CA-4599-B022-3DCE77094E1C}.Release|x64.ActiveCfg = Release|x64
		{185CA630-F3CA-4599-B022-3DCE77094E1C}.Release|x64.Build.0 = Release|x64
		{185CA630-F3CA-4599-B022-3DCE77094E1C}.Release|x86.ActiveCfg = Release|Win32
		{185CA630-F3CA-4599-B022-3DCE77094E1C}.Release|x86.Build.0 = Release|Win32
	EndGlobalSection
	GlobalSection(SolutionProperties) = preSolution
		HideSolutionNode = FALSE
	EndGlobalSection
	GlobalSection(ExtensibilityGlobals) = postSolution
		SolutionGuid = {25DA01F5-5466-40B2-8AAC-23C9569DCE34}
	EndGlobalSection
EndGlobal
